{
  "requires": true,
  "lockfileVersion": 1,
  "dependencies": {
    "@material/animation": {
      "version": "0.41.0",
      "resolved": "https://registry.npmjs.org/@material/animation/-/animation-0.41.0.tgz",
      "integrity": "sha512-yYAwJbX3Q2AFd4dr6IYOsWLQy2HN8zWOFVl9AbUXunjzTfJCa/ecfXCriaT6qkmoNoHeTdJHRrsQJZC5GsPvzA=="
    },
    "@material/base": {
      "version": "0.41.0",
      "resolved": "https://registry.npmjs.org/@material/base/-/base-0.41.0.tgz",
      "integrity": "sha512-tEyzwBRu3d1H120SfKsDVYZHcqT5lKohh/7cWKR93aAaPDkSvjpKJIjyu2yuSkjpDduVZGzVocYbOvhUKhhzXQ=="
    },
    "@material/button": {
      "version": "0.43.0",
      "resolved": "https://registry.npmjs.org/@material/button/-/button-0.43.0.tgz",
      "integrity": "sha512-BQbU1se1RH2TcLxhvxEKCJVR0jtQVCmk1gjOJ1SmrVsRshTT5gSQE4WRSFiV/3YmXYU994/KVYMCs2aovLFE/A==",
      "requires": {
        "@material/elevation": "^0.43.0",
        "@material/ripple": "^0.43.0",
        "@material/rtl": "^0.42.0",
        "@material/shape": "^0.43.0",
        "@material/theme": "^0.43.0",
        "@material/typography": "^0.43.0"
      }
    },
    "@material/elevation": {
      "version": "0.43.0",
      "resolved": "https://registry.npmjs.org/@material/elevation/-/elevation-0.43.0.tgz",
      "integrity": "sha512-/OM+7HVS26hCa+AU0dfD/cdEkj2ssYNYIWwmqUVVJUIhB4v/xRsfnCf0Z1KXGtXU+V3AhHp8T9q5LHDzrkOvnA==",
      "requires": {
        "@material/animation": "^0.41.0",
        "@material/theme": "^0.43.0"
      }
    },
    "@material/ripple": {
      "version": "0.43.0",
      "resolved": "https://registry.npmjs.org/@material/ripple/-/ripple-0.43.0.tgz",
      "integrity": "sha512-5X5xJtE1tM5QYrsvIe5coZNk7nt++vi40CDBVxS2abO+83ky91I5mH/djcm0vcSFmkHM/QOymEQBR3XDjA3XXQ==",
      "requires": {
        "@material/animation": "^0.41.0",
        "@material/base": "^0.41.0",
        "@material/theme": "^0.43.0"
      }
    },
    "@material/rtl": {
      "version": "0.42.0",
      "resolved": "https://registry.npmjs.org/@material/rtl/-/rtl-0.42.0.tgz",
      "integrity": "sha512-VrnrKJzhmspsN8WXHuxxBZ69yM5IwhCUqWr1t1eNfw3ZEvEj7i1g3P31HGowKThIN1dc1Wh4LE14rCISWCtv5w=="
    },
    "@material/shape": {
      "version": "0.43.0",
      "resolved": "https://registry.npmjs.org/@material/shape/-/shape-0.43.0.tgz",
      "integrity": "sha512-KGnoQV4G2OQbMe5Lr5Xbk8XNlO93Qi/juxXtd2wrAfiaPmktD8ug0CwdVDOPBOmj9a0gX3Ofi9XWcoU+tLEVjg=="
    },
    "@material/theme": {
      "version": "0.43.0",
      "resolved": "https://registry.npmjs.org/@material/theme/-/theme-0.43.0.tgz",
      "integrity": "sha512-/zndZL6EihI18v2mYd4O8xvOBAAXmLeHyHVK28LozSAaJ9okQgD25wq5Ktk95oMTmPIC+rH66KcK6371ivNk8g=="
    },
    "@material/typography": {
      "version": "0.43.0",
      "resolved": "https://registry.npmjs.org/@material/typography/-/typography-0.43.0.tgz",
      "integrity": "sha512-WSg8vDoC2rnmOWbhNdDmSoT1jV0QQSw7CFps1DFbnIe57UaUxgWuGdhc+9XlEPctXUFto4FU4DfnRcdW4ydAig=="
    }
  }
}
